github.com/alecthomas/assert/v2 v2.11.0 h1:2Q9r3ki8+JYXvGsDyBXwH3LcJ+WK5D0gc5E8vS6K3D0=
github.com/alecthomas/assert/v2 v2.11.0/go.mod h1:Bze95FyfUr7x34QZrjL+XP+0qgp/zg8yS+TtBj1WA3k=
github.com/alecthomas/kong v1.13.0 h1:5e/7XC3ugvhP1DQBmTS+WuHtCbcv44hsohMgcvVxSrA=
github.com/alecthomas/kong v1.13.0/go.mod h1:wrlbXem1CWqUV5Vbmss5ISYhsVPkBb1Yo7YKJghju2I=
github.com/alecthomas/repr v0.5.2 h1:SU73FTI9D1P5UNtvseffFSGmdNci/O6RsqzeXJtP0Qs=
github.com/alecthomas/repr v0.5.2/go.mod h1:Fr0507jx4eOXV7AlPV6AVZLYrLIuIeSOWtW57eE/O/4=
github.com/davecgh/go-spew v1.1.1 h1:vj9j/u1bqnvCEfJOwUhtlOARqs3+rkHYY13jYWTU97c=
github.com/davecgh/go-spew v1.1.1/go.mod h1:J7Y8YcW2NihsgmVo/mv3lAwl/skON4iLHjSsI+c5H38=
github.com/emersion/go-ical v0.0.0-20240127095438-fc1c9d8fb2b6/go.mod h1:BEksegNspIkjCQfmzWgsgbu6KdeJ/4LwUZs7DMBzjzw=
github.com/emersion/go-ical v0.0.0-20250609112844-439c63cef608 h1:5XWaET4YAcppq3l1/Yh2ay5VmQjUdq6qhJuucdGbmOY=
github.com/emersion/go-ical v0.0.0-20250609112844-439c63cef608/go.mod h1:BEksegNspIkjCQfmzWgsgbu6KdeJ/4LwUZs7DMBzjzw=
github.com/emersion/go-vcard v0.0.0-20230815062825-8fda7d206ec9/go.mod h1:HMJKR5wlh/ziNp+sHEDV2ltblO4JD2+IdDOWtGcQBTM=
github.com/emersion/go-webdav v0.7.0 h1:cp6aBWXBf8Sjzguka9VJarr4XTkGc2IHxXI1Gq3TKpA=
github.com/emersion/go-webdav v0.7.0/go.mod h1:mI8iBx3RAODwX7PJJ7qzsKAKs/vY429YfS2/9wKnDbQ=
github.com/gabriel-vasile/mimetype v1.4.12 h1:e9hWvmLYvtp846tLHam2o++qitpguFiYCKbn0w9jyqw=
github.com/gabriel-vasile/mimetype v1.4.12/go.mod h1:d+9Oxyo1wTzWdyVUPMmXFvp4F9tea18J8ufA774AB3s=
github.com/go-playground/assert/v2 v2.2.0 h1:JvknZsQTYeFEAhQwI4qEt9cyV5ONwRHC+lYKSsYSR8s=
github.com/go-playground/assert/v2 v2.2.0/go.mod h1:VDjEfimB/XKnb+ZQfWdccd7VUvScMdVu0Titje2rxJ4=
github.com/go-playground/locales v0.14.1 h1:EWaQ/wswjilfKLTECiXz7Rh+3BjFhfDFKv/oXslEjJA=
github.com/go-playground/locales v0.14.1/go.mod h1:hxrqLVvrK65+Rwrd5Fc6F2O76J/NuW9t0sjnWqG1slY=
github.com/go-playground/universal-translator v0.18.1 h1:Bcnm0ZwsGyWbCzImXv+pAJnYK9S473LQFuzCbDbfSFY=
github.com/go-playground/universal-translator v0.18.1/go.mod h1:xekY+UJKNuX9WP91TpwSH2VMlDf28Uj24BCp08ZFTUY=
github.com/go-playground/validator/v10 v10.30.1 h1:f3zDSN/zOma+w6+1Wswgd9fLkdwy06ntQJp0BBvFG0w=
github.com/go-playground/validator/v10 v10.30.1/go.mod h1:oSuBIQzuJxL//3MelwSLD5hc2Tu889bF0Idm9Dg26cM=
github.com/goccy/go-yaml v1.19.1 h1:3rG3+v8pkhRqoQ/88NYNMHYVGYztCOCIZ7UQhu7H+NE=
github.com/goccy/go-yaml v1.19.1/go.mod h1:XBurs7gK8ATbW4ZPGKgcbrY1Br56PdM69F7LkFRi1kA=
github.com/hexops/gotextdiff v1.0.3 h1:gitA9+qJrrTCsiCl7+kh75nPqQt1cx4ZkudSTLoUqJM=
github.com/hexops/gotextdiff v1.0.3/go.mod h1:pSWU5MAI3yDq+fZBTazCSJysOMbxWL1BSow5/V2vxeg=
github.com/justinrixx/retryhttp v1.1.0 h1:1+3LPq6ss79gMTFwMYA3haG44ZDTMfrs+pbcC1D+eV4=
github.com/justinrixx/retryhttp v1.1.0/go.mod h1:TZxPNabrMdZ57WwK32oLsyPCP7nD7YP/MBVLEVh2pL0=
github.com/leodido/go-urn v1.4.0 h1:WT9HwE9SGECu3lg4d/dIA+jxlljEa1/ffXKmRjqdmIQ=
github.com/leodido/go-urn v1.4.0/go.mod h1:bvxc+MVxLKB4z00jd1z+Dvzr47oO32F/QSNjSBOlFxI=
github.com/pmezard/go-difflib v1.0.0 h1:4DBwDE0NGyQoBHbLQYPwSUPoCMWR5BEzIk/f1lZbAQM=
github.com/pmezard/go-difflib v1.0.0/go.mod h1:iKH77koFhYxTK1pcRnkKkqfTogsbg7gZNVY4sRDYZ/4=
github.com/stretchr/testify v1.8.4 h1:CcVxjf3Q8PM0mHUKJCdn+eZZtm5yQwehR5yeSVQQcUk=
github.com/stretchr/testify v1.8.4/go.mod h1:sz/lmYIOXD/1dqDmKjjqLyZ2RngseejIcXlSw2iwfAo=
github.com/teambition/rrule-go v1.8.2 h1:lIjpjvWTj9fFUZCmuoVDrKVOtdiyzbzc93qTmRVe/J8=
github.com/teambition/rrule-go v1.8.2/go.mod h1:Ieq5AbrKGciP1V//Wq8ktsTXwSwJHDD5mD/wLBGl3p4=
golang.org/x/crypto v0.46.0 h1:cKRW/pmt1pKAfetfu+RCEvjvZkA9RimPbh7bhFjGVBU=
golang.org/x/crypto v0.46.0/go.mod h1:Evb/oLKmMraqjZ2iQTwDwvCtJkczlDuTmdJXoZVzqU0=
golang.org/x/sys v0.39.0 h1:CvCKL8MeisomCi6qNZ+wbb0DN9E5AATixKsvNtMoMFk=
golang.org/x/sys v0.39.0/go.mod h1:OgkHotnGiDImocRcuBABYBEXf8A9a87e/uXjp9XT3ks=
golang.org/x/text v0.32.0 h1:ZD01bjUt1FQ9WJ0ClOL5vxgxOI/sVCNgX1YtKwcY0mU=
golang.org/x/text v0.32.0/go.mod h1:o/rUWzghvpD5TXrTIBuJU77MTaN0ljMWE47kxGJQ7jY=
gopkg.in/yaml.v3 v3.0.1 h1:fxVm/GzAzEWqLHuvctI91KS9hhNmmWOoWu0XTYJS7CA=
gopkg.in/yaml.v3 v3.0.1/go.mod h1:K4uyk7z7BCEPqu6E+C64Yfv1cQ7kz7rIZviUmN+EgEM=
